
Microsoft Visual Studio Solution File, Format Version 11.00
# Visual Studio 2010
Project("{FAE04EC0-301F-11D3-BF4B-00C04F79EFBC}") = "SportsBets", "SportsBets\SportsBets.csproj", "{57A73CF5-3588-48F5-AC24-CDB743A33E09}"
EndProject
Global
	GlobalSection(SolutionConfigurationPlatforms) = preSolution
		Debug|x86 = Debug|x86
		Release|x86 = Release|x86
	EndGlobalSection
	GlobalSection(ProjectConfigurationPlatforms) = postSolution
		{57A73CF5-3588-48F5-AC24-CDB743A33E09}.Debug|x86.ActiveCfg = Debug|x86
		{57A73CF5-3588-48F5-AC24-CDB743A33E09}.Debug|x86.Build.0 = Debug|x86
		{57A73CF5-3588-48F5-AC24-CDB743A33E09}.Release|x86.ActiveCfg = Release|x86
		{57A73CF5-3588-48F5-AC24-CDB743A33E09}.Release|x86.Build.0 = Release|x86
	EndGlobalSection
	GlobalSection(SolutionProperties) = preSolution
		HideSolutionNode = FALSE
	EndGlobalSection
EndGlobal
